// !$*UTF8*$!
{
	archiveVersion = 1;
	classes = {
	};
	objectVersion = 46;
	objects = {

/* Begin PBXBuildFile section */
		78A566FA1F9E638B0027CB94 /* AppDelegate.swift in Sources */ = {isa = PBXBuildFile; fileRef = 78A566F91F9E638B0027CB94 /* AppDelegate.swift */; };
		78A566FC1F9E638B0027CB94 /* ViewController.swift in Sources */ = {isa = PBXBuildFile; fileRef = 78A566FB1F9E638B0027CB94 /* ViewController.swift */; };
		78A566FF1F9E638B0027CB94 /* Main.storyboard in Resources */ = {isa = PBXBuildFile; fileRef = 78A566FD1F9E638B0027CB94 /* Main.storyboard */; };
		78A567011F9E638B0027CB94 /* Assets.xcassets in Resources */ = {isa = PBXBuildFile; fileRef = 78A567001F9E638B0027CB94 /* Assets.xcassets */; };
		78A567041F9E638B0027CB94 /* LaunchScreen.storyboard in Resources */ = {isa = PBXBuildFile; fileRef = 78A567021F9E638B0027CB94 /* LaunchScreen.storyboard */; };
		78A5670C1F9E63970027CB94 /* GoogleService-Info.plist in Resources */ = {isa = PBXBuildFile; fileRef = 78A5670B1F9E63970027CB94 /* GoogleService-Info.plist */; };
		78A5670E1F9E75C70027CB94 /* ComposeViewController.swift in Sources */ = {isa = PBXBuildFile; fileRef = 78A5670D1F9E75C70027CB94 /* ComposeViewController.swift */; };
		BC20FAEF7B74E7951E1A049C /* Pods_messagingapp4.framework in Frameworks */ = {isa = PBXBuildFile; fileRef = C750AED9A8F919C5A371919B /* Pods_messagingapp4.framework */; };
/* End PBXBuildFile section */

/* Begin PBXFileReference section */
		2B96DAEA9E233DB7B738A6E2 /* Pods-messagingapp4.release.xcconfig */ = {isa = PBXFileReference; includeInIndex = 1; lastKnownFileType = text.xcconfig; name = "Pods-messagingapp4.release.xcconfig"; path = "Pods/Target Support Files/Pods-messagingapp4/Pods-messagingapp4.release.xcconfig"; sourceTree = "<group>"; };
		78A566F61F9E638B0027CB94 /* messagingapp4.app */ = {isa = PBXFileReference; explicitFileType = wrapper.application; includeInIndex = 0; path = messagingapp4.app; sourceTree = BUILT_PRODUCTS_DIR; };
		78A566F91F9E638B0027CB94 /* AppDelegate.swift */ = {isa = PBXFileReference; lastKnownFileType = sourcecode.swift; path = AppDelegate.swift; sourceTree = "<group>"; };
		78A566FB1F9E638B0027CB94 /* ViewController.swift */ = {isa = PBXFileReference; lastKnownFileType = sourcecode.swift; path = ViewController.swift; sourceTree = "<group>"; };
		78A566FE1F9E638B0027CB94 /* Base */ = {isa = PBXFileReference; lastKnownFileType = file.storyboard; name = Base; path = Base.lproj/Main.storyboard; sourceTree = "<group>"; };
		78A567001F9E638B0027CB94 /* Assets.xcassets */ = {isa = PBXFileReference; lastKnownFileType = folder.assetcatalog; path = Assets.xcassets; sourceTree = "<group>"; };
		78A567031F9E638B0027CB94 /* Base */ = {isa = PBXFileReference; lastKnownFileType = file.storyboard; name = Base; path = Base.lproj/LaunchScreen.storyboard; sourceTree = "<group>"; };
		78A567051F9E638B0027CB94 /* Info.plist */ = {isa = PBXFileReference; lastKnownFileType = text.plist.xml; path = Info.plist; sourceTree = "<group>"; };
		78A5670B1F9E63970027CB94 /* GoogleService-Info.plist */ = {isa = PBXFileReference; fileEncoding = 4; lastKnownFileType = text.plist.xml; path = "GoogleService-Info.plist"; sourceTree = "<group>"; };
		78A5670D1F9E75C70027CB94 /* ComposeViewController.swift */ = {isa = PBXFileReference; fileEncoding = 4; lastKnownFileType = sourcecode.swift; path = ComposeViewController.swift; sourceTree = "<group>"; };
		A6668A774D03169C318C8FDB /* Pods-messagingapp4.debug.xcconfig */ = {isa = PBXFileReference; includeInIndex = 1; lastKnownFileType = text.xcconfig; name = "Pods-messagingapp4.debug.xcconfig"; path = "Pods/Target Support Files/Pods-messagingapp4/Pods-messagingapp4.debug.xcconfig"; sourceTree = "<group>"; };
		C750AED9A8F919C5A371919B /* Pods_messagingapp4.framework */ = {isa = PBXFileReference; explicitFileType = wrapper.framework; includeInIndex = 0; path = Pods_messagingapp4.framework; sourceTree = BUILT_PRODUCTS_DIR; };
/* End PBXFileReference section */

/* Begin PBXFrameworksBuildPhase section */
		78A566F31F9E638B0027CB94 /* Frameworks */ = {
			isa = PBXFrameworksBuildPhase;
			buildActionMask = 2147483647;
			files = (
				BC20FAEF7B74E7951E1A049C /* Pods_messagingapp4.framework in Frameworks */,
			);
			runOnlyForDeploymentPostprocessing = 0;
		};
/* End PBXFrameworksBuildPhase section */

/* Begin PBXGroup section */
		65D7EACC7C95D56285B51658 /* Frameworks */ = {
			isa = PBXGroup;
			children = (
				C750AED9A8F919C5A371919B /* Pods_messagingapp4.framework */,
			);
			name = Frameworks;
			sourceTree = "<group>";
		};
		78A566ED1F9E638B0027CB94 = {
			isa = PBXGroup;
			children = (
				78A566F81F9E638B0027CB94 /* messagingapp4 */,
				78A566F71F9E638B0027CB94 /* Products */,
				FB2514E5AFA6529B583881CA /* Pods */,
				65D7EACC7C95D56285B51658 /* Frameworks */,
			);
			sourceTree = "<group>";
		};
		78A566F71F9E638B0027CB94 /* Products */ = {
			isa = PBXGroup;
			children = (
				78A566F61F9E638B0027CB94 /* messagingapp4.app */,
			);
			name = Products;
			sourceTree = "<group>";
		};
		78A566F81F9E638B0027CB94 /* messagingapp4 */ = {
			isa = PBXGroup;
			children = (
				78A566F91F9E638B0027CB94 /* AppDelegate.swift */,
				78A566FB1F9E638B0027CB94 /* ViewController.swift */,
				78A5670D1F9E75C70027CB94 /* ComposeViewController.swift */,
				78A566FD1F9E638B0027CB94 /* Main.storyboard */,
				78A567001F9E638B0027CB94 /* Assets.xcassets */,
				78A567021F9E638B0027CB94 /* LaunchScreen.storyboard */,
				78A567051F9E638B0027CB94 /* Info.plist */,
				78A5670B1F9E63970027CB94 /* GoogleService-Info.plist */,
			);
			path = messagingapp4;
			sourceTree = "<group>";
		};
		FB2514E5AFA6529B583881CA /* Pods */ = {
			isa = PBXGroup;
			children = (
				A6668A774D03169C318C8FDB /* Pods-messagingapp4.debug.xcconfig */,
				2B96DAEA9E233DB7B738A6E2 /* Pods-messagingapp4.release.xcconfig */,
			);
			name = Pods;
			sourceTree = "<group>";
		};
/* End PBXGroup section */

/* Begin PBXNativeTarget section */
		78A566F51F9E638B0027CB94 /* messagingapp4 */ = {
			isa = PBXNativeTarget;
			buildConfigurationList = 78A567081F9E638B0027CB94 /* Build configuration list for PBXNativeTarget "messagingapp4" */;
			buildPhases = (
				9FE753231E0C25870BD08C09 /* [CP] Check Pods Manifest.lock */,
				78A566F21F9E638B0027CB94 /* Sources */,
				78A566F31F9E638B0027CB94 /* Frameworks */,
				78A566F41F9E638B0027CB94 /* Resources */,
				43F2602B670C81A330B24748 /* [CP] Embed Pods Frameworks */,
				2034650A9D001C39AD60C439 /* [CP] Copy Pods Resources */,
			);
			buildRules = (
			);
			dependencies = (
			);
			name = messagingapp4;
			productName = messagingapp4;
			productReference = 78A566F61F9E638B0027CB94 /* messagingapp4.app */;
			productType = "com.apple.product-type.application";
		};
/* End PBXNativeTarget section */

/* Begin PBXProject section */
		78A566EE1F9E638B0027CB94 /* Project object */ = {
			isa = PBXProject;
			attributes = {
				LastSwiftUpdateCheck = 0820;
				LastUpgradeCheck = 0820;
				ORGANIZATIONNAME = "Yufang Lin";
				TargetAttributes = {
					78A566F51F9E638B0027CB94 = {
						CreatedOnToolsVersion = 8.2.1;
						DevelopmentTeam = L4Q7HWKTD2;
						ProvisioningStyle = Automatic;
					};
				};
			};
			buildConfigurationList = 78A566F11F9E638B0027CB94 /* Build configuration list for PBXProject "messagingapp4" */;
			compatibilityVersion = "Xcode 3.2";
			developmentRegion = English;
			hasScannedForEncodings = 0;
			knownRegions = (
				en,
				Base,
			);
			mainGroup = 78A566ED1F9E638B0027CB94;
			productRefGroup = 78A566F71F9E638B0027CB94 /* Products */;
			projectDirPath = "";
			projectRoot = "";
			targets = (
				78A566F51F9E638B0027CB94 /* messagingapp4 */,
			);
		};
/* End PBXProject section */

/* Begin PBXResourcesBuildPhase section */
		78A566F41F9E638B0027CB94 /* Resources */ = {
			isa = PBXResourcesBuildPhase;
			buildActionMask = 2147483647;
			files = (
				78A567041F9E638B0027CB94 /* LaunchScreen.storyboard in Resources */,
				78A5670C1F9E63970027CB94 /* GoogleService-Info.plist in Resources */,
				78A567011F9E638B0027CB94 /* Assets.xcassets in Resources */,
				78A566FF1F9E638B0027CB94 /* Main.storyboard in Resources */,
			);
			runOnlyForDeploymentPostprocessing = 0;
		};
/* End PBXResourcesBuildPhase section */

/* Begin PBXShellScriptBuildPhase section */
		2034650A9D001C39AD60C439 /* [CP] Copy Pods Resources */ = {
			isa = PBXShellScriptBuildPhase;
			buildActionMask = 2147483647;
			files = (
			);
			inputPaths = (
			);
			name = "[CP] Copy Pods Resources";
			outputPaths = (
			);
			runOnlyForDeploymentPostprocessing = 0;
			shellPath = /bin/sh;
			shellScript = "\"${SRCROOT}/Pods/Target Support Files/Pods-messagingapp4/Pods-messagingapp4-resources.sh\"\n";
			showEnvVarsInLog = 0;
		};
		43F2602B670C81A330B24748 /* [CP] Embed Pods Frameworks */ = {
			isa = PBXShellScriptBuildPhase;
			buildActionMask = 2147483647;
			files = (
			);
			inputPaths = (
				"${SRCROOT}/Pods/Target Support Files/Pods-messagingapp4/Pods-messagingapp4-frameworks.sh",
				"${BUILT_PRODUCTS_DIR}/GoogleToolboxForMac/GoogleToolboxForMac.framework",
				"${BUILT_PRODUCTS_DIR}/leveldb-library/leveldb.framework",
				"${BUILT_PRODUCTS_DIR}/nanopb/nanopb.framework",
			);
			name = "[CP] Embed Pods Frameworks";
			outputPaths = (
				"${TARGET_BUILD_DIR}/${FRAMEWORKS_FOLDER_PATH}/GoogleToolboxForMac.framework",
				"${TARGET_BUILD_DIR}/${FRAMEWORKS_FOLDER_PATH}/leveldb.framework",
				"${TARGET_BUILD_DIR}/${FRAMEWORKS_FOLDER_PATH}/nanopb.framework",
			);
			runOnlyForDeploymentPostprocessing = 0;
			shellPath = /bin/sh;
			shellScript = "\"${SRCROOT}/Pods/Target Support Files/Pods-messagingapp4/Pods-messagingapp4-frameworks.sh\"\n";
			showEnvVarsInLog = 0;
		};
		9FE753231E0C25870BD08C09 /* [CP] Check Pods Manifest.lock */ = {
			isa = PBXShellScriptBuildPhase;
			buildActionMask = 2147483647;
			files = (
			);
			inputPaths = (
				"${PODS_PODFILE_DIR_PATH}/Podfile.lock",
				"${PODS_ROOT}/Manifest.lock",
			);
			name = "[CP] Check Pods Manifest.lock";
			outputPaths = (
				"$(DERIVED_FILE_DIR)/Pods-messagingapp4-checkManifestLockResult.txt",
			);
			runOnlyForDeploymentPostprocessing = 0;
			shellPath = /bin/sh;
			shellScript = "diff \"${PODS_PODFILE_DIR_PATH}/Podfile.lock\" \"${PODS_ROOT}/Manifest.lock\" > /dev/null\nif [ $? != 0 ] ; then\n    # print error to STDERR\n    echo \"error: The sandbox is not in sync with the Podfile.lock. Run 'pod install' or update your CocoaPods installation.\" >&2\n    exit 1\nfi\n# This output is used by Xcode 'outputs' to avoid re-running this script phase.\necho \"SUCCESS\" > \"${SCRIPT_OUTPUT_FILE_0}\"\n";
			showEnvVarsInLog = 0;
		};
/* End PBXShellScriptBuildPhase section */

/* Begin PBXSourcesBuildPhase section */
		78A566F21F9E638B0027CB94 /* Sources */ = {
			isa = PBXSourcesBuildPhase;
			buildActionMask = 2147483647;
			files = (
				78A5670E1F9E75C70027CB94 /* ComposeViewController.swift in Sources */,
				78A566FC1F9E638B0027CB94 /* ViewController.swift in Sources */,
				78A566FA1F9E638B0027CB94 /* AppDelegate.swift in Sources */,
			);
			runOnlyForDeploymentPostprocessing = 0;
		};
/* End PBXSourcesBuildPhase section */

/* Begin PBXVariantGroup section */
		78A566FD1F9E638B0027CB94 /* Main.storyboard */ = {
			isa = PBXVariantGroup;
			children = (
				78A566FE1F9E638B0027CB94 /* Base */,
			);
			name = Main.storyboard;
			sourceTree = "<group>";
		};
		78A567021F9E638B0027CB94 /* LaunchScreen.storyboard */ = {
			isa = PBXVariantGroup;
			children = (
				78A567031F9E638B0027CB94 /* Base */,
			);
			name = LaunchScreen.storyboard;
			sourceTree = "<group>";
		};
/* End PBXVariantGroup section */

/* Begin XCBuildConfiguration section */
		78A567061F9E638B0027CB94 /* Debug */ = {
			isa = XCBuildConfiguration;
			buildSettings = {
				ALWAYS_SEARCH_USER_PATHS = NO;
				CLANG_ANALYZER_NONNULL = YES;
				CLANG_CXX_LANGUAGE_STANDARD = "gnu++0x";
				CLANG_CXX_LIBRARY = "libc++";
				CLANG_ENABLE_MODULES = YES;
				CLANG_ENABLE_OBJC_ARC = YES;
				CLANG_WARN_BOOL_CONVERSION = YES;
				CLANG_WARN_CONSTANT_CONVERSION = YES;
				CLANG_WARN_DIRECT_OBJC_ISA_USAGE = YES_ERROR;
				CLANG_WARN_DOCUMENTATION_COMMENTS = YES;
				CLANG_WARN_EMPTY_BODY = YES;
				CLANG_WARN_ENUM_CONVERSION = YES;
				CLANG_WARN_INFINITE_RECURSION = YES;
				CLANG_WARN_INT_CONVERSION = YES;
				CLANG_WARN_OBJC_ROOT_CLASS = YES_ERROR;
				CLANG_WARN_SUSPICIOUS_MOVE = YES;
				CLANG_WARN_UNREACHABLE_CODE = YES;
				CLANG_WARN__DUPLICATE_METHOD_MATCH = YES;
				"CODE_SIGN_IDENTITY[sdk=iphoneos*]" = "iPhone Developer";
				COPY_PHASE_STRIP = NO;
				DEBUG_INFORMATION_FORMAT = dwarf;
				ENABLE_STRICT_OBJC_MSGSEND = YES;
				ENABLE_TESTABILITY = YES;
				GCC_C_LANGUAGE_STANDARD = gnu99;
				GCC_DYNAMIC_NO_PIC = NO;
				GCC_NO_COMMON_BLOCKS = YES;
				GCC_OPTIMIZATION_LEVEL = 0;
				GCC_PREPROCESSOR_DEFINITIONS = (
					"DEBUG=1",
					"$(inherited)",
				);
				GCC_WARN_64_TO_32_BIT_CONVERSION = YES;
				GCC_WARN_ABOUT_RETURN_TYPE = YES_ERROR;
				GCC_WARN_UNDECLARED_SELECTOR = YES;
				GCC_WARN_UNINITIALIZED_AUTOS = YES_AGGRESSIVE;
				GCC_WARN_UNUSED_FUNCTION = YES;
				GCC_WARN_UNUSED_VARIABLE = YES;
				IPHONEOS_DEPLOYMENT_TARGET = 10.2;
				MTL_ENABLE_DEBUG_INFO = YES;
				ONLY_ACTIVE_ARCH = YES;
				SDKROOT = iphoneos;
				SWIFT_ACTIVE_COMPILATION_CONDITIONS = DEBUG;
				SWIFT_OPTIMIZATION_LEVEL = "-Onone";
			};
			name = Debug;
		};
		78A567071F9E638B0027CB94 /* Release */ = {
			isa = XCBuildConfiguration;
			buildSettings = {
				ALWAYS_SEARCH_USER_PATHS = NO;
				CLANG_ANALYZER_NONNULL = YES;
				CLANG_CXX_LANGUAGE_STANDARD = "gnu++0x";
				CLANG_CXX_LIBRARY = "libc++";
				CLANG_ENABLE_MODULES = YES;
				CLANG_ENABLE_OBJC_ARC = YES;
				CLANG_WARN_BOOL_CONVERSION = YES;
				CLANG_WARN_CONSTANT_CONVERSION = YES;
				CLANG_WARN_DIRECT_OBJC_ISA_USAGE = YES_ERROR;
				CLANG_WARN_DOCUMENTATION_COMMENTS = YES;
				CLANG_WARN_EMPTY_BODY = YES;
				CLANG_WARN_ENUM_CONVERSION = YES;
				CLANG_WARN_INFINITE_RECURSION = YES;
				CLANG_WARN_INT_CONVERSION = YES;
				CLANG_WARN_OBJC_ROOT_CLASS = YES_ERROR;
				CLANG_WARN_SUSPICIOUS_MOVE = YES;
				CLANG_WARN_UNREACHABLE_CODE = YES;
				CLANG_WARN__DUPLICATE_METHOD_MATCH = YES;
				"CODE_SIGN_IDENTITY[sdk=iphoneos*]" = "iPhone Developer";
				COPY_PHASE_STRIP = NO;
				DEBUG_INFORMATION_FORMAT = "dwarf-with-dsym";
				ENABLE_NS_ASSERTIONS = NO;
				ENABLE_STRICT_OBJC_MSGSEND = YES;
				GCC_C_LANGUAGE_STANDARD = gnu99;
				GCC_NO_COMMON_BLOCKS = YES;
				GCC_WARN_64_TO_32_BIT_CONVERSION = YES;
				GCC_WARN_ABOUT_RETURN_TYPE = YES_ERROR;
				GCC_WARN_UNDECLARED_SELECTOR = YES;
				GCC_WARN_UNINITIALIZED_AUTOS = YES_AGGRESSIVE;
				GCC_WARN_UNUSED_FUNCTION = YES;
				GCC_WARN_UNUSED_VARIABLE = YES;
				IPHONEOS_DEPLOYMENT_TARGET = 10.2;
				MTL_ENABLE_DEBUG_INFO = NO;
				SDKROOT = iphoneos;
				SWIFT_OPTIMIZATION_LEVEL = "-Owholemodule";
				VALIDATE_PRODUCT = YES;
			};
			name = Release;
		};
		78A567091F9E638B0027CB94 /* Debug */ = {
			isa = XCBuildConfiguration;
			baseConfigurationReference = A6668A774D03169C318C8FDB /* Pods-messagingapp4.debug.xcconfig */;
			buildSettings = {
				ASSETCATALOG_COMPILER_APPICON_NAME = AppIcon;
				DEVELOPMENT_TEAM = L4Q7HWKTD2;
				INFOPLIST_FILE = messagingapp4/Info.plist;
				LD_RUNPATH_SEARCH_PATHS = "$(inherited) @executable_path/Frameworks";
				PRODUCT_BUNDLE_IDENTIFIER = yufang.messagingapp4;
				PRODUCT_NAME = "$(TARGET_NAME)";
				SWIFT_VERSION = 3.0;
			};
			name = Debug;
		};
		78A5670A1F9E638B0027CB94 /* Release */ = {
			isa = XCBuildConfiguration;
			baseConfigurationReference = 2B96DAEA9E233DB7B738A6E2 /* Pods-messagingapp4.release.xcconfig */;
			buildSettings = {
				ASSETCATALOG_COMPILER_APPICON_NAME = AppIcon;
				DEVELOPMENT_TEAM = L4Q7HWKTD2;
				INFOPLIST_FILE = messagingapp4/Info.plist;
				LD_RUNPATH_SEARCH_PATHS = "$(inherited) @executable_path/Frameworks";
				PRODUCT_BUNDLE_IDENTIFIER = yufang.messagingapp4;
				PRODUCT_NAME = "$(TARGET_NAME)";
				SWIFT_VERSION = 3.0;
			};
			name = Release;
		};
/* End XCBuildConfiguration section */

/* Begin XCConfigurationList section */
		78A566F11F9E638B0027CB94 /* Build configuration list for PBXProject "messagingapp4" */ = {
			isa = XCConfigurationList;
			buildConfigurations = (
				78A567061F9E638B0027CB94 /* Debug */,
				78A567071F9E638B0027CB94 /* Release */,
			);
			defaultConfigurationIsVisible = 0;
			defaultConfigurationName = Release;
		};
		78A567081F9E638B0027CB94 /* Build configuration list for PBXNativeTarget "messagingapp4" */ = {
			isa = XCConfigurationList;
			buildConfigurations = (
				78A567091F9E638B0027CB94 /* Debug */,
				78A5670A1F9E638B0027CB94 /* Release */,
			);
			defaultConfigurationIsVisible = 0;
			defaultConfigurationName = Release;
		};
/* End XCConfigurationList section */
	};
	rootObject = 78A566EE1F9E638B0027CB94 /* Project object */;
}
